
Microsoft Visual Studio Solution File, Format Version 12.00
# Visual Studio Version 16
VisualStudioVersion = 16.0.28721.148
MinimumVisualStudioVersion = 10.0.40219.1
Project("{FAE04EC0-301F-11D3-BF4B-00C04F79EFBC}") = "ExpertTools", "ExpertTools\ExpertTools.csproj", "{4E573840-3B35-4E52-B291-751194BE06AD}"
EndProject
Global
	GlobalSection(SolutionConfigurationPlatforms) = preSolution
		Debug|Any CPU = Debug|Any CPU
		Release|Any CPU = Release|Any CPU
	EndGlobalSection
	GlobalSection(ProjectConfigurationPlatforms) = postSolution
		{4E573840-3B35-4E52-B291-751194BE06AD}.Debug|Any CPU.ActiveCfg = Debug|Any CPU
		{4E573840-3B35-4E52-B291-751194BE06AD}.Debug|Any CPU.Build.0 = Debug|Any CPU
		{4E573840-3B35-4E52-B291-751194BE06AD}.Release|Any CPU.ActiveCfg = Release|Any CPU
		{4E573840-3B35-4E52-B291-751194BE06AD}.Release|Any CPU.Build.0 = Release|Any CPU
		{457097AF-7D39-486B-A5A1-DECA0856CF09}.Debug|Any CPU.ActiveCfg = Debug|Any CPU
		{457097AF-7D39-486B-A5A1-DECA0856CF09}.Debug|Any CPU.Build.0 = Debug|Any CPU
		{457097AF-7D39-486B-A5A1-DECA0856CF09}.Release|Any CPU.ActiveCfg = Release|Any CPU
		{457097AF-7D39-486B-A5A1-DECA0856CF09}.Release|Any CPU.Build.0 = Release|Any CPU
	EndGlobalSection
	GlobalSection(SolutionProperties) = preSolution
		HideSolutionNode = FALSE
	EndGlobalSection
	GlobalSection(ExtensibilityGlobals) = postSolution
		SolutionGuid = {2E6C7DA4-D7B3-4056-8386-A4D2D5D06346}
	EndGlobalSection
EndGlobal
